
Microsoft Visual Studio Solution File, Format Version 12.00
# Visual Studio 15
VisualStudioVersion = 15.0.26430.14
MinimumVisualStudioVersion = 10.0.40219.1
Project("{FAE04EC0-301F-11D3-BF4B-00C04F79EFBC}") = "Training.Tavisca.2017.Evaluation", "Training.Tavisca.2017.Evaluation\Training.Tavisca.2017.Evaluation.csproj", "{50E47A09-8C87-4E2D-BDDB-A5C41679E55C}"
EndProject
Project("{FAE04EC0-301F-11D3-BF4B-00C04F79EFBC}") = "PizzaTest", "PizzaTest\PizzaTest.csproj", "{1799175F-C9A5-4ADA-B194-F379D0181D5C}"
EndProject
Global
	GlobalSection(SolutionConfigurationPlatforms) = preSolution
		Debug|Any CPU = Debug|Any CPU
		Release|Any CPU = Release|Any CPU
	EndGlobalSection
	GlobalSection(ProjectConfigurationPlatforms) = postSolution
		{50E47A09-8C87-4E2D-BDDB-A5C41679E55C}.Debug|Any CPU.ActiveCfg = Debug|Any CPU
		{50E47A09-8C87-4E2D-BDDB-A5C41679E55C}.Debug|Any CPU.Build.0 = Debug|Any CPU
		{50E47A09-8C87-4E2D-BDDB-A5C41679E55C}.Release|Any CPU.ActiveCfg = Release|Any CPU
		{50E47A09-8C87-4E2D-BDDB-A5C41679E55C}.Release|Any CPU.Build.0 = Release|Any CPU
		{1799175F-C9A5-4ADA-B194-F379D0181D5C}.Debug|Any CPU.ActiveCfg = Debug|Any CPU
		{1799175F-C9A5-4ADA-B194-F379D0181D5C}.Debug|Any CPU.Build.0 = Debug|Any CPU
		{1799175F-C9A5-4ADA-B194-F379D0181D5C}.Release|Any CPU.ActiveCfg = Release|Any CPU
		{1799175F-C9A5-4ADA-B194-F379D0181D5C}.Release|Any CPU.Build.0 = Release|Any CPU
	EndGlobalSection
	GlobalSection(SolutionProperties) = preSolution
		HideSolutionNode = FALSE
	EndGlobalSection
EndGlobal
